
Microsoft Visual Studio Solution File, Format Version 12.00
# Visual Studio Version 17
VisualStudioVersion = 17.9.34902.65
MinimumVisualStudioVersion = 10.0.40219.1
Project("{9A19103F-16F7-4668-BE54-9A1E7A4F7556}") = "FIleScannerTool", "FIleScannerTool\FIleScannerTool.csproj", "{1B8CF6DE-E154-452D-99EE-F0118A0809B0}"
EndProject
Project("{2150E333-8FDC-42A3-9474-1A3956D46DE8}") = "LLM", "LLM", "{F26F1BE4-6279-4B94-9122-556DDCF2A577}"
EndProject
Project("{9A19103F-16F7-4668-BE54-9A1E7A4F7556}") = "AmazonNova", "LLM\AmazonNova\AmazonNova.csproj", "{1D7F7E75-38C3-4B48-A5F3-600AC282C309}"
EndProject
Project("{9A19103F-16F7-4668-BE54-9A1E7A4F7556}") = "LLMApiModels", "LLM\LLMApiModels\LLMApiModels.csproj", "{DEC1F314-E8D6-40B8-BFFB-44C1C0634992}"
EndProject
Project("{9A19103F-16F7-4668-BE54-9A1E7A4F7556}") = "Interfaces", "Interfaces\Interfaces.csproj", "{FBBDE21C-D8C2-43D1-98DE-679B0EB0BC6F}"
EndProject
Project("{2150E333-8FDC-42A3-9474-1A3956D46DE8}") = "Solution Items", "Solution Items", "{823E8F6C-7E7C-43CD-804D-786E085788AA}"
	ProjectSection(SolutionItems) = preProject
		README.md = README.md
	EndProjectSection
EndProject
Global
	GlobalSection(SolutionConfigurationPlatforms) = preSolution
		Debug|Any CPU = Debug|Any CPU
		Release|Any CPU = Release|Any CPU
	EndGlobalSection
	GlobalSection(ProjectConfigurationPlatforms) = postSolution
		{1B8CF6DE-E154-452D-99EE-F0118A0809B0}.Debug|Any CPU.ActiveCfg = Debug|Any CPU
		{1B8CF6DE-E154-452D-99EE-F0118A0809B0}.Debug|Any CPU.Build.0 = Debug|Any CPU
		{1B8CF6DE-E154-452D-99EE-F0118A0809B0}.Release|Any CPU.ActiveCfg = Release|Any CPU
		{1B8CF6DE-E154-452D-99EE-F0118A0809B0}.Release|Any CPU.Build.0 = Release|Any CPU
		{1D7F7E75-38C3-4B48-A5F3-600AC282C309}.Debug|Any CPU.ActiveCfg = Debug|Any CPU
		{1D7F7E75-38C3-4B48-A5F3-600AC282C309}.Debug|Any CPU.Build.0 = Debug|Any CPU
		{1D7F7E75-38C3-4B48-A5F3-600AC282C309}.Release|Any CPU.ActiveCfg = Release|Any CPU
		{1D7F7E75-38C3-4B48-A5F3-600AC282C309}.Release|Any CPU.Build.0 = Release|Any CPU
		{DEC1F314-E8D6-40B8-BFFB-44C1C0634992}.Debug|Any CPU.ActiveCfg = Debug|Any CPU
		{DEC1F314-E8D6-40B8-BFFB-44C1C0634992}.Debug|Any CPU.Build.0 = Debug|Any CPU
		{DEC1F314-E8D6-40B8-BFFB-44C1C0634992}.Release|Any CPU.ActiveCfg = Release|Any CPU
		{DEC1F314-E8D6-40B8-BFFB-44C1C0634992}.Release|Any CPU.Build.0 = Release|Any CPU
		{FBBDE21C-D8C2-43D1-98DE-679B0EB0BC6F}.Debug|Any CPU.ActiveCfg = Debug|Any CPU
		{FBBDE21C-D8C2-43D1-98DE-679B0EB0BC6F}.Debug|Any CPU.Build.0 = Debug|Any CPU
		{FBBDE21C-D8C2-43D1-98DE-679B0EB0BC6F}.Release|Any CPU.ActiveCfg = Release|Any CPU
		{FBBDE21C-D8C2-43D1-98DE-679B0EB0BC6F}.Release|Any CPU.Build.0 = Release|Any CPU
	EndGlobalSection
	GlobalSection(SolutionProperties) = preSolution
		HideSolutionNode = FALSE
	EndGlobalSection
	GlobalSection(NestedProjects) = preSolution
		{1D7F7E75-38C3-4B48-A5F3-600AC282C309} = {F26F1BE4-6279-4B94-9122-556DDCF2A577}
		{DEC1F314-E8D6-40B8-BFFB-44C1C0634992} = {F26F1BE4-6279-4B94-9122-556DDCF2A577}
	EndGlobalSection
	GlobalSection(ExtensibilityGlobals) = postSolution
		SolutionGuid = {D8085856-D825-45CE-B0BE-2DF8A9F5A6A1}
	EndGlobalSection
EndGlobal
